{
  "name": "qpa-format",
  "version": "1.0.0",
  "lockfileVersion": 3,
  "requires": true,
  "packages": {
    "": {
      "name": "qpa-format",
      "version": "1.0.0",
      "license": "MIT",
      "dependencies": {
        "@thi.ng/bitstream": "^2.2.28"
      }
    },
    "node_modules/@thi.ng/bitstream": {
      "version": "2.2.28",
      "resolved": "https://registry.npmjs.org/@thi.ng/bitstream/-/bitstream-2.2.28.tgz",
      "integrity": "sha512-aW7cSEaf680nfCIW42C/Hur12Toy8ST3XLRM8OxHXHZySq9cPrJ5stm+uilHlp+L00yBvgAoKk6ZWkDQ8mtYbA==",
      "funding": [
        {
          "type": "github",
          "url": "https://github.com/sponsors/postspectacular"
        },
        {
          "type": "patreon",
          "url": "https://patreon.com/thing_umbrella"
        }
      ],
      "dependencies": {
        "@thi.ng/errors": "^2.3.5"
      },
      "engines": {
        "node": ">=12.7"
      }
    },
    "node_modules/@thi.ng/errors": {
      "version": "2.3.5",
      "resolved": "https://registry.npmjs.org/@thi.ng/errors/-/errors-2.3.5.tgz",
      "integrity": "sha512-WH2p02goxTCF11p8H/4VIl8RmPZ7rJ00ogFOrQX7mO3zxi1/vTqygR7sVuJszlx5a5eOrMglNivyqNZwr912cg==",
      "funding": [
        {
          "type": "github",
          "url": "https://github.com/sponsors/postspectacular"
        },
        {
          "type": "patreon",
          "url": "https://patreon.com/thing_umbrella"
        }
      ],
      "engines": {
        "node": ">=12.7"
      }
    }
  }
}
